
Microsoft Visual Studio Solution File, Format Version 12.00
# Visual Studio Version 17
VisualStudioVersion = 17.9.34622.214
MinimumVisualStudioVersion = 10.0.40219.1
Project("{FAE04EC0-301F-11D3-BF4B-00C04F79EFBC}") = "Ahorcado", "Ahorcado\Ahorcado.csproj", "{06560EA1-3AA5-44C5-ACCB-27A82D30043E}"
EndProject
Global
	GlobalSection(SolutionConfigurationPlatforms) = preSolution
		Debug|Any CPU = Debug|Any CPU
		Release|Any CPU = Release|Any CPU
	EndGlobalSection
	GlobalSection(ProjectConfigurationPlatforms) = postSolution
		{06560EA1-3AA5-44C5-ACCB-27A82D30043E}.Debug|Any CPU.ActiveCfg = Debug|Any CPU
		{06560EA1-3AA5-44C5-ACCB-27A82D30043E}.Debug|Any CPU.Build.0 = Debug|Any CPU
		{06560EA1-3AA5-44C5-ACCB-27A82D30043E}.Release|Any CPU.ActiveCfg = Release|Any CPU
		{06560EA1-3AA5-44C5-ACCB-27A82D30043E}.Release|Any CPU.Build.0 = Release|Any CPU
	EndGlobalSection
	GlobalSection(SolutionProperties) = preSolution
		HideSolutionNode = FALSE
	EndGlobalSection
	GlobalSection(ExtensibilityGlobals) = postSolution
		SolutionGuid = {AE3D91DF-B1B1-45D3-B6E9-6AB3B1DC9A6E}
	EndGlobalSection
EndGlobal
